
Microsoft Visual Studio Solution File, Format Version 12.00
# Visual Studio Version 17
VisualStudioVersion = 17.1.32414.318
MinimumVisualStudioVersion = 10.0.40219.1
Project("{9A19103F-16F7-4668-BE54-9A1E7A4F7556}") = "01.ConvertMetersToKilometers", "01.ConvertMetersToKilometers\01.ConvertMetersToKilometers.csproj", "{3B8AA45B-371E-4567-9004-8B06BF130544}"
EndProject
Project("{9A19103F-16F7-4668-BE54-9A1E7A4F7556}") = "02.PoundsToDollars", "02.PoundsToDollars\02.PoundsToDollars.csproj", "{E69BFBCF-3568-4051-A961-73F15A8C9614}"
EndProject
Project("{9A19103F-16F7-4668-BE54-9A1E7A4F7556}") = "03.ExactSumOfReal Numbers", "03.ExactSumOfReal Numbers\03.ExactSumOfReal Numbers.csproj", "{78184AFB-CBEB-437D-82A4-3CE14D01CB95}"
EndProject
Project("{9A19103F-16F7-4668-BE54-9A1E7A4F7556}") = "04.CenturiesТoMinutes", "04.CenturiesТoMinutes\04.CenturiesТoMinutes.csproj", "{9F13FD68-E6A0-4BD3-BEA0-5BBD74173BEE}"
EndProject
Project("{9A19103F-16F7-4668-BE54-9A1E7A4F7556}") = "05.SpecialNumbers", "05.SpecialNumbers\05.SpecialNumbers.csproj", "{A87043AF-092C-44AB-9934-39368C23B331}"
EndProject
Project("{9A19103F-16F7-4668-BE54-9A1E7A4F7556}") = "06.ReversedChars", "06.ReversedChars\06.ReversedChars.csproj", "{ECA46113-EB06-4936-9160-63012C960767}"
EndProject
Project("{9A19103F-16F7-4668-BE54-9A1E7A4F7556}") = "07.ConcatNames", "07.ConcatNames\07.ConcatNames.csproj", "{761D095A-2EFC-4213-813A-49CF8EF42B81}"
EndProject
Project("{FAE04EC0-301F-11D3-BF4B-00C04F79EFBC}") = "08.TownInfo", "08.TownInfo\08.TownInfo.csproj", "{11FE3FBD-BB67-4197-A997-885FD354D8B3}"
EndProject
Project("{FAE04EC0-301F-11D3-BF4B-00C04F79EFBC}") = "09.CharsToString", "09.CharsToString\09.CharsToString.csproj", "{AAD27D27-CB7C-4DD4-94BD-3A7EA8DFD646}"
EndProject
Project("{FAE04EC0-301F-11D3-BF4B-00C04F79EFBC}") = "10.LowerToUpper", "10.LowerToUpper\10.LowerToUpper.csproj", "{4BAD2A65-2971-4814-8CE7-3FDFBCF7C681}"
EndProject
Project("{FAE04EC0-301F-11D3-BF4B-00C04F79EFBC}") = "11.RefactorVolumeOfPyramid", "11.RefactorVolumeOfPyramid\11.RefactorVolumeOfPyramid.csproj", "{E7E6FE65-F13C-4B39-BC7F-8E26CA22F24E}"
EndProject
Project("{FAE04EC0-301F-11D3-BF4B-00C04F79EFBC}") = "12.RefactorSpecialNumbers", "12.RefactorSpecialNumbers\12.RefactorSpecialNumbers.csproj", "{EC76A12D-64BD-4994-A697-19981F7271C7}"
EndProject
Global
	GlobalSection(SolutionConfigurationPlatforms) = preSolution
		Debug|Any CPU = Debug|Any CPU
		Release|Any CPU = Release|Any CPU
	EndGlobalSection
	GlobalSection(ProjectConfigurationPlatforms) = postSolution
		{3B8AA45B-371E-4567-9004-8B06BF130544}.Debug|Any CPU.ActiveCfg = Debug|Any CPU
		{3B8AA45B-371E-4567-9004-8B06BF130544}.Debug|Any CPU.Build.0 = Debug|Any CPU
		{3B8AA45B-371E-4567-9004-8B06BF130544}.Release|Any CPU.ActiveCfg = Release|Any CPU
		{3B8AA45B-371E-4567-9004-8B06BF130544}.Release|Any CPU.Build.0 = Release|Any CPU
		{E69BFBCF-3568-4051-A961-73F15A8C9614}.Debug|Any CPU.ActiveCfg = Debug|Any CPU
		{E69BFBCF-3568-4051-A961-73F15A8C9614}.Debug|Any CPU.Build.0 = Debug|Any CPU
		{E69BFBCF-3568-4051-A961-73F15A8C9614}.Release|Any CPU.ActiveCfg = Release|Any CPU
		{E69BFBCF-3568-4051-A961-73F15A8C9614}.Release|Any CPU.Build.0 = Release|Any CPU
		{78184AFB-CBEB-437D-82A4-3CE14D01CB95}.Debug|Any CPU.ActiveCfg = Debug|Any CPU
		{78184AFB-CBEB-437D-82A4-3CE14D01CB95}.Debug|Any CPU.Build.0 = Debug|Any CPU
		{78184AFB-CBEB-437D-82A4-3CE14D01CB95}.Release|Any CPU.ActiveCfg = Release|Any CPU
		{78184AFB-CBEB-437D-82A4-3CE14D01CB95}.Release|Any CPU.Build.0 = Release|Any CPU
		{9F13FD68-E6A0-4BD3-BEA0-5BBD74173BEE}.Debug|Any CPU.ActiveCfg = Debug|Any CPU
		{9F13FD68-E6A0-4BD3-BEA0-5BBD74173BEE}.Debug|Any CPU.Build.0 = Debug|Any CPU
		{9F13FD68-E6A0-4BD3-BEA0-5BBD74173BEE}.Release|Any CPU.ActiveCfg = Release|Any CPU
		{9F13FD68-E6A0-4BD3-BEA0-5BBD74173BEE}.Release|Any CPU.Build.0 = Release|Any CPU
		{A87043AF-092C-44AB-9934-39368C23B331}.Debug|Any CPU.ActiveCfg = Debug|Any CPU
		{A87043AF-092C-44AB-9934-39368C23B331}.Debug|Any CPU.Build.0 = Debug|Any CPU
		{A87043AF-092C-44AB-9934-39368C23B331}.Release|Any CPU.ActiveCfg = Release|Any CPU
		{A87043AF-092C-44AB-9934-39368C23B331}.Release|Any CPU.Build.0 = Release|Any CPU
		{ECA46113-EB06-4936-9160-63012C960767}.Debug|Any CPU.ActiveCfg = Debug|Any CPU
		{ECA46113-EB06-4936-9160-63012C960767}.Debug|Any CPU.Build.0 = Debug|Any CPU
		{ECA46113-EB06-4936-9160-63012C960767}.Release|Any CPU.ActiveCfg = Release|Any CPU
		{ECA46113-EB06-4936-9160-63012C960767}.Release|Any CPU.Build.0 = Release|Any CPU
		{761D095A-2EFC-4213-813A-49CF8EF42B81}.Debug|Any CPU.ActiveCfg = Debug|Any CPU
		{761D095A-2EFC-4213-813A-49CF8EF42B81}.Debug|Any CPU.Build.0 = Debug|Any CPU
		{761D095A-2EFC-4213-813A-49CF8EF42B81}.Release|Any CPU.ActiveCfg = Release|Any CPU
		{761D095A-2EFC-4213-813A-49CF8EF42B81}.Release|Any CPU.Build.0 = Release|Any CPU
		{11FE3FBD-BB67-4197-A997-885FD354D8B3}.Debug|Any CPU.ActiveCfg = Debug|Any CPU
		{11FE3FBD-BB67-4197-A997-885FD354D8B3}.Debug|Any CPU.Build.0 = Debug|Any CPU
		{11FE3FBD-BB67-4197-A997-885FD354D8B3}.Release|Any CPU.ActiveCfg = Release|Any CPU
		{11FE3FBD-BB67-4197-A997-885FD354D8B3}.Release|Any CPU.Build.0 = Release|Any CPU
		{AAD27D27-CB7C-4DD4-94BD-3A7EA8DFD646}.Debug|Any CPU.ActiveCfg = Debug|Any CPU
		{AAD27D27-CB7C-4DD4-94BD-3A7EA8DFD646}.Debug|Any CPU.Build.0 = Debug|Any CPU
		{AAD27D27-CB7C-4DD4-94BD-3A7EA8DFD646}.Release|Any CPU.ActiveCfg = Release|Any CPU
		{AAD27D27-CB7C-4DD4-94BD-3A7EA8DFD646}.Release|Any CPU.Build.0 = Release|Any CPU
		{4BAD2A65-2971-4814-8CE7-3FDFBCF7C681}.Debug|Any CPU.ActiveCfg = Debug|Any CPU
		{4BAD2A65-2971-4814-8CE7-3FDFBCF7C681}.Debug|Any CPU.Build.0 = Debug|Any CPU
		{4BAD2A65-2971-4814-8CE7-3FDFBCF7C681}.Release|Any CPU.ActiveCfg = Release|Any CPU
		{4BAD2A65-2971-4814-8CE7-3FDFBCF7C681}.Release|Any CPU.Build.0 = Release|Any CPU
		{E7E6FE65-F13C-4B39-BC7F-8E26CA22F24E}.Debug|Any CPU.ActiveCfg = Debug|Any CPU
		{E7E6FE65-F13C-4B39-BC7F-8E26CA22F24E}.Debug|Any CPU.Build.0 = Debug|Any CPU
		{E7E6FE65-F13C-4B39-BC7F-8E26CA22F24E}.Release|Any CPU.ActiveCfg = Release|Any CPU
		{E7E6FE65-F13C-4B39-BC7F-8E26CA22F24E}.Release|Any CPU.Build.0 = Release|Any CPU
		{EC76A12D-64BD-4994-A697-19981F7271C7}.Debug|Any CPU.ActiveCfg = Debug|Any CPU
		{EC76A12D-64BD-4994-A697-19981F7271C7}.Debug|Any CPU.Build.0 = Debug|Any CPU
		{EC76A12D-64BD-4994-A697-19981F7271C7}.Release|Any CPU.ActiveCfg = Release|Any CPU
		{EC76A12D-64BD-4994-A697-19981F7271C7}.Release|Any CPU.Build.0 = Release|Any CPU
	EndGlobalSection
	GlobalSection(SolutionProperties) = preSolution
		HideSolutionNode = FALSE
	EndGlobalSection
	GlobalSection(ExtensibilityGlobals) = postSolution
		SolutionGuid = {790D164B-EB70-483A-A600-D82D7191A4C5}
	EndGlobalSection
EndGlobal
