
Microsoft Visual Studio Solution File, Format Version 12.00
# Visual Studio Version 16
VisualStudioVersion = 16.0.31410.357
MinimumVisualStudioVersion = 10.0.40219.1
Project("{9A19103F-16F7-4668-BE54-9A1E7A4F7556}") = "01.ConvertMetersToKilometers", "01.ConvertMetersToKilometers\01.ConvertMetersToKilometers.csproj", "{3B8AA45B-371E-4567-9004-8B06BF130544}"
EndProject
Project("{9A19103F-16F7-4668-BE54-9A1E7A4F7556}") = "02.PoundsToDollars", "02.PoundsToDollars\02.PoundsToDollars.csproj", "{E69BFBCF-3568-4051-A961-73F15A8C9614}"
EndProject
Project("{FAE04EC0-301F-11D3-BF4B-00C04F79EFBC}") = "03.ExactSumOfReal Numbers", "03.ExactSumOfReal Numbers\03.ExactSumOfReal Numbers.csproj", "{78184AFB-CBEB-437D-82A4-3CE14D01CB95}"
EndProject
Project("{FAE04EC0-301F-11D3-BF4B-00C04F79EFBC}") = "04.CenturiesТoMinutes", "04.CenturiesТoMinutes\04.CenturiesТoMinutes.csproj", "{9F13FD68-E6A0-4BD3-BEA0-5BBD74173BEE}"
EndProject
Project("{FAE04EC0-301F-11D3-BF4B-00C04F79EFBC}") = "05.SpecialNumbers", "05.SpecialNumbers\05.SpecialNumbers.csproj", "{A87043AF-092C-44AB-9934-39368C23B331}"
EndProject
Project("{FAE04EC0-301F-11D3-BF4B-00C04F79EFBC}") = "06.ReversedChars", "06.ReversedChars\06.ReversedChars.csproj", "{ECA46113-EB06-4936-9160-63012C960767}"
EndProject
Project("{FAE04EC0-301F-11D3-BF4B-00C04F79EFBC}") = "07.ConcatNames", "07.ConcatNames\07.ConcatNames.csproj", "{761D095A-2EFC-4213-813A-49CF8EF42B81}"
EndProject
Global
	GlobalSection(SolutionConfigurationPlatforms) = preSolution
		Debug|Any CPU = Debug|Any CPU
		Release|Any CPU = Release|Any CPU
	EndGlobalSection
	GlobalSection(ProjectConfigurationPlatforms) = postSolution
		{3B8AA45B-371E-4567-9004-8B06BF130544}.Debug|Any CPU.ActiveCfg = Debug|Any CPU
		{3B8AA45B-371E-4567-9004-8B06BF130544}.Debug|Any CPU.Build.0 = Debug|Any CPU
		{3B8AA45B-371E-4567-9004-8B06BF130544}.Release|Any CPU.ActiveCfg = Release|Any CPU
		{3B8AA45B-371E-4567-9004-8B06BF130544}.Release|Any CPU.Build.0 = Release|Any CPU
		{E69BFBCF-3568-4051-A961-73F15A8C9614}.Debug|Any CPU.ActiveCfg = Debug|Any CPU
		{E69BFBCF-3568-4051-A961-73F15A8C9614}.Debug|Any CPU.Build.0 = Debug|Any CPU
		{E69BFBCF-3568-4051-A961-73F15A8C9614}.Release|Any CPU.ActiveCfg = Release|Any CPU
		{E69BFBCF-3568-4051-A961-73F15A8C9614}.Release|Any CPU.Build.0 = Release|Any CPU
		{78184AFB-CBEB-437D-82A4-3CE14D01CB95}.Debug|Any CPU.ActiveCfg = Debug|Any CPU
		{78184AFB-CBEB-437D-82A4-3CE14D01CB95}.Debug|Any CPU.Build.0 = Debug|Any CPU
		{78184AFB-CBEB-437D-82A4-3CE14D01CB95}.Release|Any CPU.ActiveCfg = Release|Any CPU
		{78184AFB-CBEB-437D-82A4-3CE14D01CB95}.Release|Any CPU.Build.0 = Release|Any CPU
		{9F13FD68-E6A0-4BD3-BEA0-5BBD74173BEE}.Debug|Any CPU.ActiveCfg = Debug|Any CPU
		{9F13FD68-E6A0-4BD3-BEA0-5BBD74173BEE}.Debug|Any CPU.Build.0 = Debug|Any CPU
		{9F13FD68-E6A0-4BD3-BEA0-5BBD74173BEE}.Release|Any CPU.ActiveCfg = Release|Any CPU
		{9F13FD68-E6A0-4BD3-BEA0-5BBD74173BEE}.Release|Any CPU.Build.0 = Release|Any CPU
		{A87043AF-092C-44AB-9934-39368C23B331}.Debug|Any CPU.ActiveCfg = Debug|Any CPU
		{A87043AF-092C-44AB-9934-39368C23B331}.Debug|Any CPU.Build.0 = Debug|Any CPU
		{A87043AF-092C-44AB-9934-39368C23B331}.Release|Any CPU.ActiveCfg = Release|Any CPU
		{A87043AF-092C-44AB-9934-39368C23B331}.Release|Any CPU.Build.0 = Release|Any CPU
		{ECA46113-EB06-4936-9160-63012C960767}.Debug|Any CPU.ActiveCfg = Debug|Any CPU
		{ECA46113-EB06-4936-9160-63012C960767}.Debug|Any CPU.Build.0 = Debug|Any CPU
		{ECA46113-EB06-4936-9160-63012C960767}.Release|Any CPU.ActiveCfg = Release|Any CPU
		{ECA46113-EB06-4936-9160-63012C960767}.Release|Any CPU.Build.0 = Release|Any CPU
		{761D095A-2EFC-4213-813A-49CF8EF42B81}.Debug|Any CPU.ActiveCfg = Debug|Any CPU
		{761D095A-2EFC-4213-813A-49CF8EF42B81}.Debug|Any CPU.Build.0 = Debug|Any CPU
		{761D095A-2EFC-4213-813A-49CF8EF42B81}.Release|Any CPU.ActiveCfg = Release|Any CPU
		{761D095A-2EFC-4213-813A-49CF8EF42B81}.Release|Any CPU.Build.0 = Release|Any CPU
	EndGlobalSection
	GlobalSection(SolutionProperties) = preSolution
		HideSolutionNode = FALSE
	EndGlobalSection
	GlobalSection(ExtensibilityGlobals) = postSolution
		SolutionGuid = {790D164B-EB70-483A-A600-D82D7191A4C5}
	EndGlobalSection
EndGlobal
