
Microsoft Visual Studio Solution File, Format Version 12.00
# Visual Studio Version 16
VisualStudioVersion = 16.0.31911.196
MinimumVisualStudioVersion = 10.0.40219.1
Project("{9A19103F-16F7-4668-BE54-9A1E7A4F7556}") = "01.StringGame", "01.StringGame\01.StringGame.csproj", "{543C0B40-93FB-4BE6-B5B4-5A93B93E003D}"
EndProject
Project("{FAE04EC0-301F-11D3-BF4B-00C04F79EFBC}") = "02.DegustationParty", "02.DegustationParty\02.DegustationParty.csproj", "{86667585-0B46-4986-A5EF-1DF216309C16}"
EndProject
Project("{FAE04EC0-301F-11D3-BF4B-00C04F79EFBC}") = "ConsoleApp1", "ConsoleApp1\ConsoleApp1.csproj", "{5810048F-4BEE-406C-AA78-7B4D40325251}"
EndProject
Global
	GlobalSection(SolutionConfigurationPlatforms) = preSolution
		Debug|Any CPU = Debug|Any CPU
		Release|Any CPU = Release|Any CPU
	EndGlobalSection
	GlobalSection(ProjectConfigurationPlatforms) = postSolution
		{543C0B40-93FB-4BE6-B5B4-5A93B93E003D}.Debug|Any CPU.ActiveCfg = Debug|Any CPU
		{543C0B40-93FB-4BE6-B5B4-5A93B93E003D}.Debug|Any CPU.Build.0 = Debug|Any CPU
		{543C0B40-93FB-4BE6-B5B4-5A93B93E003D}.Release|Any CPU.ActiveCfg = Release|Any CPU
		{543C0B40-93FB-4BE6-B5B4-5A93B93E003D}.Release|Any CPU.Build.0 = Release|Any CPU
		{86667585-0B46-4986-A5EF-1DF216309C16}.Debug|Any CPU.ActiveCfg = Debug|Any CPU
		{86667585-0B46-4986-A5EF-1DF216309C16}.Debug|Any CPU.Build.0 = Debug|Any CPU
		{86667585-0B46-4986-A5EF-1DF216309C16}.Release|Any CPU.ActiveCfg = Release|Any CPU
		{86667585-0B46-4986-A5EF-1DF216309C16}.Release|Any CPU.Build.0 = Release|Any CPU
		{5810048F-4BEE-406C-AA78-7B4D40325251}.Debug|Any CPU.ActiveCfg = Debug|Any CPU
		{5810048F-4BEE-406C-AA78-7B4D40325251}.Debug|Any CPU.Build.0 = Debug|Any CPU
		{5810048F-4BEE-406C-AA78-7B4D40325251}.Release|Any CPU.ActiveCfg = Release|Any CPU
		{5810048F-4BEE-406C-AA78-7B4D40325251}.Release|Any CPU.Build.0 = Release|Any CPU
	EndGlobalSection
	GlobalSection(SolutionProperties) = preSolution
		HideSolutionNode = FALSE
	EndGlobalSection
	GlobalSection(ExtensibilityGlobals) = postSolution
		SolutionGuid = {C1A962EB-C452-4554-9F71-384C50E71D32}
	EndGlobalSection
EndGlobal
