
Microsoft Visual Studio Solution File, Format Version 12.00
# Visual Studio Version 16
VisualStudioVersion = 16.0.31911.196
MinimumVisualStudioVersion = 10.0.40219.1
Project("{9A19103F-16F7-4668-BE54-9A1E7A4F7556}") = "01.Train", "01.Train\01.Train.csproj", "{EEA20937-5A87-4D41-8B65-7149A8B8932B}"
EndProject
Project("{FAE04EC0-301F-11D3-BF4B-00C04F79EFBC}") = "02.ChangeList", "02.ChangeList\02.ChangeList.csproj", "{F497C7F3-C79B-48AF-9BE7-28F1189860B7}"
EndProject
Project("{FAE04EC0-301F-11D3-BF4B-00C04F79EFBC}") = "03.HouseParty", "03.HouseParty\03.HouseParty.csproj", "{F99AE370-8453-4099-9F39-E77C6A618AD7}"
EndProject
Project("{FAE04EC0-301F-11D3-BF4B-00C04F79EFBC}") = "04.ListOperations", "04.ListOperations\04.ListOperations.csproj", "{342D8364-5739-4781-927F-69980363EDA2}"
EndProject
Project("{FAE04EC0-301F-11D3-BF4B-00C04F79EFBC}") = "05.BombNumbers", "05.BombNumbers\05.BombNumbers.csproj", "{30312308-7000-4FFA-8E0D-0999603492C1}"
EndProject
Global
	GlobalSection(SolutionConfigurationPlatforms) = preSolution
		Debug|Any CPU = Debug|Any CPU
		Release|Any CPU = Release|Any CPU
	EndGlobalSection
	GlobalSection(ProjectConfigurationPlatforms) = postSolution
		{EEA20937-5A87-4D41-8B65-7149A8B8932B}.Debug|Any CPU.ActiveCfg = Debug|Any CPU
		{EEA20937-5A87-4D41-8B65-7149A8B8932B}.Debug|Any CPU.Build.0 = Debug|Any CPU
		{EEA20937-5A87-4D41-8B65-7149A8B8932B}.Release|Any CPU.ActiveCfg = Release|Any CPU
		{EEA20937-5A87-4D41-8B65-7149A8B8932B}.Release|Any CPU.Build.0 = Release|Any CPU
		{F497C7F3-C79B-48AF-9BE7-28F1189860B7}.Debug|Any CPU.ActiveCfg = Debug|Any CPU
		{F497C7F3-C79B-48AF-9BE7-28F1189860B7}.Debug|Any CPU.Build.0 = Debug|Any CPU
		{F497C7F3-C79B-48AF-9BE7-28F1189860B7}.Release|Any CPU.ActiveCfg = Release|Any CPU
		{F497C7F3-C79B-48AF-9BE7-28F1189860B7}.Release|Any CPU.Build.0 = Release|Any CPU
		{F99AE370-8453-4099-9F39-E77C6A618AD7}.Debug|Any CPU.ActiveCfg = Debug|Any CPU
		{F99AE370-8453-4099-9F39-E77C6A618AD7}.Debug|Any CPU.Build.0 = Debug|Any CPU
		{F99AE370-8453-4099-9F39-E77C6A618AD7}.Release|Any CPU.ActiveCfg = Release|Any CPU
		{F99AE370-8453-4099-9F39-E77C6A618AD7}.Release|Any CPU.Build.0 = Release|Any CPU
		{342D8364-5739-4781-927F-69980363EDA2}.Debug|Any CPU.ActiveCfg = Debug|Any CPU
		{342D8364-5739-4781-927F-69980363EDA2}.Debug|Any CPU.Build.0 = Debug|Any CPU
		{342D8364-5739-4781-927F-69980363EDA2}.Release|Any CPU.ActiveCfg = Release|Any CPU
		{342D8364-5739-4781-927F-69980363EDA2}.Release|Any CPU.Build.0 = Release|Any CPU
		{30312308-7000-4FFA-8E0D-0999603492C1}.Debug|Any CPU.ActiveCfg = Debug|Any CPU
		{30312308-7000-4FFA-8E0D-0999603492C1}.Debug|Any CPU.Build.0 = Debug|Any CPU
		{30312308-7000-4FFA-8E0D-0999603492C1}.Release|Any CPU.ActiveCfg = Release|Any CPU
		{30312308-7000-4FFA-8E0D-0999603492C1}.Release|Any CPU.Build.0 = Release|Any CPU
	EndGlobalSection
	GlobalSection(SolutionProperties) = preSolution
		HideSolutionNode = FALSE
	EndGlobalSection
	GlobalSection(ExtensibilityGlobals) = postSolution
		SolutionGuid = {BA8FD482-FDAD-429A-AD60-C917B67C3E3C}
	EndGlobalSection
EndGlobal
