
Microsoft Visual Studio Solution File, Format Version 12.00
# Visual Studio Version 16
VisualStudioVersion = 16.0.31911.196
MinimumVisualStudioVersion = 10.0.40219.1
Project("{FAE04EC0-301F-11D3-BF4B-00C04F79EFBC}") = "01.ValidUsernames", "01.ValidUsernames\01.ValidUsernames.csproj", "{078FC312-FF7C-4644-BB14-0644B872063E}"
EndProject
Project("{FAE04EC0-301F-11D3-BF4B-00C04F79EFBC}") = "02.CharacterMultiplier", "02.CharacterMultiplier\02.CharacterMultiplier.csproj", "{AF99E08C-1C22-4EAF-AEF1-94751B4E52CC}"
EndProject
Project("{FAE04EC0-301F-11D3-BF4B-00C04F79EFBC}") = "03.ExtractFile", "03.ExtractFile\03.ExtractFile.csproj", "{6F0A68D2-5E20-4FAA-85E2-1F449F29D099}"
EndProject
Project("{FAE04EC0-301F-11D3-BF4B-00C04F79EFBC}") = "04. CaesarCipher", "04. CaesarCipher\04. CaesarCipher.csproj", "{0C64D806-851E-464D-A8CB-04E43C97628A}"
EndProject
Project("{FAE04EC0-301F-11D3-BF4B-00C04F79EFBC}") = "05.MultiplyBigNumber", "05.MultiplyBigNumber\05.MultiplyBigNumber.csproj", "{744D6061-B76E-4034-9AA1-AA06F544EC19}"
EndProject
Project("{FAE04EC0-301F-11D3-BF4B-00C04F79EFBC}") = "06.ReplaceRepeatingChars", "06.ReplaceRepeatingChars\06.ReplaceRepeatingChars.csproj", "{936265A7-19F8-4147-8894-2C73EED7DD0E}"
EndProject
Project("{FAE04EC0-301F-11D3-BF4B-00C04F79EFBC}") = "07.StringExplosion", "07.StringExplosion\07.StringExplosion.csproj", "{1A6D91CC-0E74-4D46-9BBF-C9C2E12D0B57}"
EndProject
Global
	GlobalSection(SolutionConfigurationPlatforms) = preSolution
		Debug|Any CPU = Debug|Any CPU
		Release|Any CPU = Release|Any CPU
	EndGlobalSection
	GlobalSection(ProjectConfigurationPlatforms) = postSolution
		{078FC312-FF7C-4644-BB14-0644B872063E}.Debug|Any CPU.ActiveCfg = Debug|Any CPU
		{078FC312-FF7C-4644-BB14-0644B872063E}.Debug|Any CPU.Build.0 = Debug|Any CPU
		{078FC312-FF7C-4644-BB14-0644B872063E}.Release|Any CPU.ActiveCfg = Release|Any CPU
		{078FC312-FF7C-4644-BB14-0644B872063E}.Release|Any CPU.Build.0 = Release|Any CPU
		{AF99E08C-1C22-4EAF-AEF1-94751B4E52CC}.Debug|Any CPU.ActiveCfg = Debug|Any CPU
		{AF99E08C-1C22-4EAF-AEF1-94751B4E52CC}.Debug|Any CPU.Build.0 = Debug|Any CPU
		{AF99E08C-1C22-4EAF-AEF1-94751B4E52CC}.Release|Any CPU.ActiveCfg = Release|Any CPU
		{AF99E08C-1C22-4EAF-AEF1-94751B4E52CC}.Release|Any CPU.Build.0 = Release|Any CPU
		{6F0A68D2-5E20-4FAA-85E2-1F449F29D099}.Debug|Any CPU.ActiveCfg = Debug|Any CPU
		{6F0A68D2-5E20-4FAA-85E2-1F449F29D099}.Debug|Any CPU.Build.0 = Debug|Any CPU
		{6F0A68D2-5E20-4FAA-85E2-1F449F29D099}.Release|Any CPU.ActiveCfg = Release|Any CPU
		{6F0A68D2-5E20-4FAA-85E2-1F449F29D099}.Release|Any CPU.Build.0 = Release|Any CPU
		{0C64D806-851E-464D-A8CB-04E43C97628A}.Debug|Any CPU.ActiveCfg = Debug|Any CPU
		{0C64D806-851E-464D-A8CB-04E43C97628A}.Debug|Any CPU.Build.0 = Debug|Any CPU
		{0C64D806-851E-464D-A8CB-04E43C97628A}.Release|Any CPU.ActiveCfg = Release|Any CPU
		{0C64D806-851E-464D-A8CB-04E43C97628A}.Release|Any CPU.Build.0 = Release|Any CPU
		{744D6061-B76E-4034-9AA1-AA06F544EC19}.Debug|Any CPU.ActiveCfg = Debug|Any CPU
		{744D6061-B76E-4034-9AA1-AA06F544EC19}.Debug|Any CPU.Build.0 = Debug|Any CPU
		{744D6061-B76E-4034-9AA1-AA06F544EC19}.Release|Any CPU.ActiveCfg = Release|Any CPU
		{744D6061-B76E-4034-9AA1-AA06F544EC19}.Release|Any CPU.Build.0 = Release|Any CPU
		{936265A7-19F8-4147-8894-2C73EED7DD0E}.Debug|Any CPU.ActiveCfg = Debug|Any CPU
		{936265A7-19F8-4147-8894-2C73EED7DD0E}.Debug|Any CPU.Build.0 = Debug|Any CPU
		{936265A7-19F8-4147-8894-2C73EED7DD0E}.Release|Any CPU.ActiveCfg = Release|Any CPU
		{936265A7-19F8-4147-8894-2C73EED7DD0E}.Release|Any CPU.Build.0 = Release|Any CPU
		{1A6D91CC-0E74-4D46-9BBF-C9C2E12D0B57}.Debug|Any CPU.ActiveCfg = Debug|Any CPU
		{1A6D91CC-0E74-4D46-9BBF-C9C2E12D0B57}.Debug|Any CPU.Build.0 = Debug|Any CPU
		{1A6D91CC-0E74-4D46-9BBF-C9C2E12D0B57}.Release|Any CPU.ActiveCfg = Release|Any CPU
		{1A6D91CC-0E74-4D46-9BBF-C9C2E12D0B57}.Release|Any CPU.Build.0 = Release|Any CPU
	EndGlobalSection
	GlobalSection(SolutionProperties) = preSolution
		HideSolutionNode = FALSE
	EndGlobalSection
	GlobalSection(ExtensibilityGlobals) = postSolution
		SolutionGuid = {B248D7EF-45D8-4B41-A4FA-60770F82E113}
	EndGlobalSection
EndGlobal
