
Microsoft Visual Studio Solution File, Format Version 12.00
# Visual Studio Version 17
VisualStudioVersion = 17.1.31911.260
MinimumVisualStudioVersion = 10.0.40219.1
Project("{FAE04EC0-301F-11D3-BF4B-00C04F79EFBC}") = "01.NumbersTo1000", "01.NumbersTo1000.csproj", "{4EA0D071-3158-43E5-AE44-C8EAED667524}"
EndProject
Project("{FAE04EC0-301F-11D3-BF4B-00C04F79EFBC}") = "02.ElementEqualToTheSum", "..\02.ElementEqualToTheSum\02.ElementEqualToTheSum.csproj", "{C175A846-2652-4F61-B2B3-149C163D3305}"
EndProject
Project("{FAE04EC0-301F-11D3-BF4B-00C04F79EFBC}") = "03.EvenAndOdd", "..\03.EvenAndOdd\03.EvenAndOdd.csproj", "{FE4BD697-F9E5-4BAE-AFA4-93932B4B17D2}"
EndProject
Global
	GlobalSection(SolutionConfigurationPlatforms) = preSolution
		Debug|Any CPU = Debug|Any CPU
		Release|Any CPU = Release|Any CPU
	EndGlobalSection
	GlobalSection(ProjectConfigurationPlatforms) = postSolution
		{4EA0D071-3158-43E5-AE44-C8EAED667524}.Debug|Any CPU.ActiveCfg = Debug|Any CPU
		{4EA0D071-3158-43E5-AE44-C8EAED667524}.Debug|Any CPU.Build.0 = Debug|Any CPU
		{4EA0D071-3158-43E5-AE44-C8EAED667524}.Release|Any CPU.ActiveCfg = Release|Any CPU
		{4EA0D071-3158-43E5-AE44-C8EAED667524}.Release|Any CPU.Build.0 = Release|Any CPU
		{C175A846-2652-4F61-B2B3-149C163D3305}.Debug|Any CPU.ActiveCfg = Debug|Any CPU
		{C175A846-2652-4F61-B2B3-149C163D3305}.Debug|Any CPU.Build.0 = Debug|Any CPU
		{C175A846-2652-4F61-B2B3-149C163D3305}.Release|Any CPU.ActiveCfg = Release|Any CPU
		{C175A846-2652-4F61-B2B3-149C163D3305}.Release|Any CPU.Build.0 = Release|Any CPU
		{FE4BD697-F9E5-4BAE-AFA4-93932B4B17D2}.Debug|Any CPU.ActiveCfg = Debug|Any CPU
		{FE4BD697-F9E5-4BAE-AFA4-93932B4B17D2}.Debug|Any CPU.Build.0 = Debug|Any CPU
		{FE4BD697-F9E5-4BAE-AFA4-93932B4B17D2}.Release|Any CPU.ActiveCfg = Release|Any CPU
		{FE4BD697-F9E5-4BAE-AFA4-93932B4B17D2}.Release|Any CPU.Build.0 = Release|Any CPU
	EndGlobalSection
	GlobalSection(SolutionProperties) = preSolution
		HideSolutionNode = FALSE
	EndGlobalSection
	GlobalSection(ExtensibilityGlobals) = postSolution
		SolutionGuid = {5A35A54B-045B-44C2-935C-10344554E75C}
	EndGlobalSection
EndGlobal
