
Microsoft Visual Studio Solution File, Format Version 12.00
# Visual Studio Version 16
VisualStudioVersion = 16.0.31911.196
MinimumVisualStudioVersion = 10.0.40219.1
Project("{FAE04EC0-301F-11D3-BF4B-00C04F79EFBC}") = "01.AdvertisementMessage", "01.AdvertisementMessage\01.AdvertisementMessage.csproj", "{F0F304B2-421A-4A41-ABDD-4FEC2AD66716}"
EndProject
Project("{FAE04EC0-301F-11D3-BF4B-00C04F79EFBC}") = "02.Articles", "02.Articles\02.Articles.csproj", "{F3B2EC43-8174-403B-B4E3-B90BC1CBE679}"
EndProject
Project("{FAE04EC0-301F-11D3-BF4B-00C04F79EFBC}") = "03.Articles2.0", "03.Articles2.0\03.Articles2.0.csproj", "{E572C4F0-A976-450B-BA71-9A3530BBF6EA}"
EndProject
Project("{FAE04EC0-301F-11D3-BF4B-00C04F79EFBC}") = "04.Students", "Students\04.Students.csproj", "{7390200C-D4E0-43F6-9186-B6313B38A717}"
EndProject
Project("{FAE04EC0-301F-11D3-BF4B-00C04F79EFBC}") = "05.TeamworkProjects", "05.TeamworkProjects\05.TeamworkProjects.csproj", "{32CF4D49-7527-476D-A41C-B90FA9868FF1}"
EndProject
Project("{FAE04EC0-301F-11D3-BF4B-00C04F79EFBC}") = "06.VehicleCatalogue", "06.VehicleCatalogue\06.VehicleCatalogue.csproj", "{59E890EA-B39E-4DBF-A30F-9E6C66053354}"
EndProject
Project("{FAE04EC0-301F-11D3-BF4B-00C04F79EFBC}") = "07.OrderByAge", "07.OrderByAge\07.OrderByAge.csproj", "{F3DEB92B-05DF-41C5-A3A3-9293DA502F78}"
EndProject
Global
	GlobalSection(SolutionConfigurationPlatforms) = preSolution
		Debug|Any CPU = Debug|Any CPU
		Release|Any CPU = Release|Any CPU
	EndGlobalSection
	GlobalSection(ProjectConfigurationPlatforms) = postSolution
		{F0F304B2-421A-4A41-ABDD-4FEC2AD66716}.Debug|Any CPU.ActiveCfg = Debug|Any CPU
		{F0F304B2-421A-4A41-ABDD-4FEC2AD66716}.Debug|Any CPU.Build.0 = Debug|Any CPU
		{F0F304B2-421A-4A41-ABDD-4FEC2AD66716}.Release|Any CPU.ActiveCfg = Release|Any CPU
		{F0F304B2-421A-4A41-ABDD-4FEC2AD66716}.Release|Any CPU.Build.0 = Release|Any CPU
		{F3B2EC43-8174-403B-B4E3-B90BC1CBE679}.Debug|Any CPU.ActiveCfg = Debug|Any CPU
		{F3B2EC43-8174-403B-B4E3-B90BC1CBE679}.Debug|Any CPU.Build.0 = Debug|Any CPU
		{F3B2EC43-8174-403B-B4E3-B90BC1CBE679}.Release|Any CPU.ActiveCfg = Release|Any CPU
		{F3B2EC43-8174-403B-B4E3-B90BC1CBE679}.Release|Any CPU.Build.0 = Release|Any CPU
		{E572C4F0-A976-450B-BA71-9A3530BBF6EA}.Debug|Any CPU.ActiveCfg = Debug|Any CPU
		{E572C4F0-A976-450B-BA71-9A3530BBF6EA}.Debug|Any CPU.Build.0 = Debug|Any CPU
		{E572C4F0-A976-450B-BA71-9A3530BBF6EA}.Release|Any CPU.ActiveCfg = Release|Any CPU
		{E572C4F0-A976-450B-BA71-9A3530BBF6EA}.Release|Any CPU.Build.0 = Release|Any CPU
		{7390200C-D4E0-43F6-9186-B6313B38A717}.Debug|Any CPU.ActiveCfg = Debug|Any CPU
		{7390200C-D4E0-43F6-9186-B6313B38A717}.Debug|Any CPU.Build.0 = Debug|Any CPU
		{7390200C-D4E0-43F6-9186-B6313B38A717}.Release|Any CPU.ActiveCfg = Release|Any CPU
		{7390200C-D4E0-43F6-9186-B6313B38A717}.Release|Any CPU.Build.0 = Release|Any CPU
		{32CF4D49-7527-476D-A41C-B90FA9868FF1}.Debug|Any CPU.ActiveCfg = Debug|Any CPU
		{32CF4D49-7527-476D-A41C-B90FA9868FF1}.Debug|Any CPU.Build.0 = Debug|Any CPU
		{32CF4D49-7527-476D-A41C-B90FA9868FF1}.Release|Any CPU.ActiveCfg = Release|Any CPU
		{32CF4D49-7527-476D-A41C-B90FA9868FF1}.Release|Any CPU.Build.0 = Release|Any CPU
		{59E890EA-B39E-4DBF-A30F-9E6C66053354}.Debug|Any CPU.ActiveCfg = Debug|Any CPU
		{59E890EA-B39E-4DBF-A30F-9E6C66053354}.Debug|Any CPU.Build.0 = Debug|Any CPU
		{59E890EA-B39E-4DBF-A30F-9E6C66053354}.Release|Any CPU.ActiveCfg = Release|Any CPU
		{59E890EA-B39E-4DBF-A30F-9E6C66053354}.Release|Any CPU.Build.0 = Release|Any CPU
		{F3DEB92B-05DF-41C5-A3A3-9293DA502F78}.Debug|Any CPU.ActiveCfg = Debug|Any CPU
		{F3DEB92B-05DF-41C5-A3A3-9293DA502F78}.Debug|Any CPU.Build.0 = Debug|Any CPU
		{F3DEB92B-05DF-41C5-A3A3-9293DA502F78}.Release|Any CPU.ActiveCfg = Release|Any CPU
		{F3DEB92B-05DF-41C5-A3A3-9293DA502F78}.Release|Any CPU.Build.0 = Release|Any CPU
	EndGlobalSection
	GlobalSection(SolutionProperties) = preSolution
		HideSolutionNode = FALSE
	EndGlobalSection
	GlobalSection(ExtensibilityGlobals) = postSolution
		SolutionGuid = {36760D76-7D36-4D60-ACFC-3DFBF14B90C2}
	EndGlobalSection
EndGlobal
